// !$*UTF8*$!
{
	archiveVersion = 1;
	classes = {
	};
	objectVersion = 56;
	objects = {

/* Begin PBXBuildFile section */
		741FE5A62A5DE2F000BDF266 /* ViewModifierBootcamp.swift in Sources */ = {isa = PBXBuildFile; fileRef = 741FE5A52A5DE2F000BDF266 /* ViewModifierBootcamp.swift */; };
		74938F862A79C42700E7BE45 /* UnitTestingBootcampViewModel_Tests.swift in Sources */ = {isa = PBXBuildFile; fileRef = 74938F852A79C42700E7BE45 /* UnitTestingBootcampViewModel_Tests.swift */; };
		74DA3A502A6877910081C5FB /* UnitTestingBootcampView.swift in Sources */ = {isa = PBXBuildFile; fileRef = 74DA3A4F2A6877910081C5FB /* UnitTestingBootcampView.swift */; };
		74DA3A522A687D890081C5FB /* UnitTestingBootcampViewModel.swift in Sources */ = {isa = PBXBuildFile; fileRef = 74DA3A512A687D890081C5FB /* UnitTestingBootcampViewModel.swift */; };
		74DA3A5A2A687E360081C5FB /* SwiftfulThinkingALTests.swift in Sources */ = {isa = PBXBuildFile; fileRef = 74DA3A592A687E360081C5FB /* SwiftfulThinkingALTests.swift */; };
		74E49ED02A12C25700D1DCA6 /* SwiftfulThinkingALApp.swift in Sources */ = {isa = PBXBuildFile; fileRef = 74E49ECF2A12C25700D1DCA6 /* SwiftfulThinkingALApp.swift */; };
		74E49ED42A12C25800D1DCA6 /* Assets.xcassets in Resources */ = {isa = PBXBuildFile; fileRef = 74E49ED32A12C25800D1DCA6 /* Assets.xcassets */; };
		74E49ED72A12C25800D1DCA6 /* Preview Assets.xcassets in Resources */ = {isa = PBXBuildFile; fileRef = 74E49ED62A12C25800D1DCA6 /* Preview Assets.xcassets */; };
/* End PBXBuildFile section */

/* Begin PBXContainerItemProxy section */
		74DA3A5B2A687E360081C5FB /* PBXContainerItemProxy */ = {
			isa = PBXContainerItemProxy;
			containerPortal = 74E49EC42A12C25700D1DCA6 /* Project object */;
			proxyType = 1;
			remoteGlobalIDString = 74E49ECB2A12C25700D1DCA6;
			remoteInfo = SwiftfulThinkingAL;
		};
/* End PBXContainerItemProxy section */

/* Begin PBXFileReference section */
		741FE5A52A5DE2F000BDF266 /* ViewModifierBootcamp.swift */ = {isa = PBXFileReference; lastKnownFileType = sourcecode.swift; path = ViewModifierBootcamp.swift; sourceTree = "<group>"; };
		74938F852A79C42700E7BE45 /* UnitTestingBootcampViewModel_Tests.swift */ = {isa = PBXFileReference; lastKnownFileType = sourcecode.swift; path = UnitTestingBootcampViewModel_Tests.swift; sourceTree = "<group>"; };
		74DA3A4F2A6877910081C5FB /* UnitTestingBootcampView.swift */ = {isa = PBXFileReference; lastKnownFileType = sourcecode.swift; path = UnitTestingBootcampView.swift; sourceTree = "<group>"; };
		74DA3A512A687D890081C5FB /* UnitTestingBootcampViewModel.swift */ = {isa = PBXFileReference; lastKnownFileType = sourcecode.swift; path = UnitTestingBootcampViewModel.swift; sourceTree = "<group>"; };
		74DA3A572A687E360081C5FB /* SwiftfulThinkingALTests.xctest */ = {isa = PBXFileReference; explicitFileType = wrapper.cfbundle; includeInIndex = 0; path = SwiftfulThinkingALTests.xctest; sourceTree = BUILT_PRODUCTS_DIR; };
		74DA3A592A687E360081C5FB /* SwiftfulThinkingALTests.swift */ = {isa = PBXFileReference; lastKnownFileType = sourcecode.swift; path = SwiftfulThinkingALTests.swift; sourceTree = "<group>"; };
		74E49ECC2A12C25700D1DCA6 /* SwiftfulThinkingAL.app */ = {isa = PBXFileReference; explicitFileType = wrapper.application; includeInIndex = 0; path = SwiftfulThinkingAL.app; sourceTree = BUILT_PRODUCTS_DIR; };
		74E49ECF2A12C25700D1DCA6 /* SwiftfulThinkingALApp.swift */ = {isa = PBXFileReference; lastKnownFileType = sourcecode.swift; path = SwiftfulThinkingALApp.swift; sourceTree = "<group>"; };
		74E49ED32A12C25800D1DCA6 /* Assets.xcassets */ = {isa = PBXFileReference; lastKnownFileType = folder.assetcatalog; path = Assets.xcassets; sourceTree = "<group>"; };
		74E49ED62A12C25800D1DCA6 /* Preview Assets.xcassets */ = {isa = PBXFileReference; lastKnownFileType = folder.assetcatalog; path = "Preview Assets.xcassets"; sourceTree = "<group>"; };
/* End PBXFileReference section */

/* Begin PBXFrameworksBuildPhase section */
		74DA3A542A687E360081C5FB /* Frameworks */ = {
			isa = PBXFrameworksBuildPhase;
			buildActionMask = 2147483647;
			files = (
			);
			runOnlyForDeploymentPostprocessing = 0;
		};
		74E49EC92A12C25700D1DCA6 /* Frameworks */ = {
			isa = PBXFrameworksBuildPhase;
			buildActionMask = 2147483647;
			files = (
			);
			runOnlyForDeploymentPostprocessing = 0;
		};
/* End PBXFrameworksBuildPhase section */

/* Begin PBXGroup section */
		74DA3A4E2A6877660081C5FB /* UnitTestingBootcamp */ = {
			isa = PBXGroup;
			children = (
				74DA3A4F2A6877910081C5FB /* UnitTestingBootcampView.swift */,
				74DA3A512A687D890081C5FB /* UnitTestingBootcampViewModel.swift */,
			);
			path = UnitTestingBootcamp;
			sourceTree = "<group>";
		};
		74DA3A582A687E360081C5FB /* SwiftfulThinkingALTests */ = {
			isa = PBXGroup;
			children = (
				74DA3A592A687E360081C5FB /* SwiftfulThinkingALTests.swift */,
				74938F852A79C42700E7BE45 /* UnitTestingBootcampViewModel_Tests.swift */,
			);
			path = SwiftfulThinkingALTests;
			sourceTree = "<group>";
		};
		74E49EC32A12C25700D1DCA6 = {
			isa = PBXGroup;
			children = (
				74E49ECE2A12C25700D1DCA6 /* SwiftfulThinkingAL */,
				74DA3A582A687E360081C5FB /* SwiftfulThinkingALTests */,
				74E49ECD2A12C25700D1DCA6 /* Products */,
			);
			sourceTree = "<group>";
		};
		74E49ECD2A12C25700D1DCA6 /* Products */ = {
			isa = PBXGroup;
			children = (
				74E49ECC2A12C25700D1DCA6 /* SwiftfulThinkingAL.app */,
				74DA3A572A687E360081C5FB /* SwiftfulThinkingALTests.xctest */,
			);
			name = Products;
			sourceTree = "<group>";
		};
		74E49ECE2A12C25700D1DCA6 /* SwiftfulThinkingAL */ = {
			isa = PBXGroup;
			children = (
				74E49ECF2A12C25700D1DCA6 /* SwiftfulThinkingALApp.swift */,
				741FE5A52A5DE2F000BDF266 /* ViewModifierBootcamp.swift */,
				74DA3A4E2A6877660081C5FB /* UnitTestingBootcamp */,
				74E49ED32A12C25800D1DCA6 /* Assets.xcassets */,
				74E49ED52A12C25800D1DCA6 /* Preview Content */,
			);
			path = SwiftfulThinkingAL;
			sourceTree = "<group>";
		};
		74E49ED52A12C25800D1DCA6 /* Preview Content */ = {
			isa = PBXGroup;
			children = (
				74E49ED62A12C25800D1DCA6 /* Preview Assets.xcassets */,
			);
			path = "Preview Content";
			sourceTree = "<group>";
		};
/* End PBXGroup section */

/* Begin PBXNativeTarget section */
		74DA3A562A687E360081C5FB /* SwiftfulThinkingALTests */ = {
			isa = PBXNativeTarget;
			buildConfigurationList = 74DA3A5D2A687E360081C5FB /* Build configuration list for PBXNativeTarget "SwiftfulThinkingALTests" */;
			buildPhases = (
				74DA3A532A687E360081C5FB /* Sources */,
				74DA3A542A687E360081C5FB /* Frameworks */,
				74DA3A552A687E360081C5FB /* Resources */,
			);
			buildRules = (
			);
			dependencies = (
				74DA3A5C2A687E360081C5FB /* PBXTargetDependency */,
			);
			name = SwiftfulThinkingALTests;
			productName = SwiftfulThinkingALTests;
			productReference = 74DA3A572A687E360081C5FB /* SwiftfulThinkingALTests.xctest */;
			productType = "com.apple.product-type.bundle.unit-test";
		};
		74E49ECB2A12C25700D1DCA6 /* SwiftfulThinkingAL */ = {
			isa = PBXNativeTarget;
			buildConfigurationList = 74E49EDA2A12C25800D1DCA6 /* Build configuration list for PBXNativeTarget "SwiftfulThinkingAL" */;
			buildPhases = (
				74E49EC82A12C25700D1DCA6 /* Sources */,
				74E49EC92A12C25700D1DCA6 /* Frameworks */,
				74E49ECA2A12C25700D1DCA6 /* Resources */,
			);
			buildRules = (
			);
			dependencies = (
			);
			name = SwiftfulThinkingAL;
			productName = SwiftfulThinkingAL;
			productReference = 74E49ECC2A12C25700D1DCA6 /* SwiftfulThinkingAL.app */;
			productType = "com.apple.product-type.application";
		};
/* End PBXNativeTarget section */

/* Begin PBXProject section */
		74E49EC42A12C25700D1DCA6 /* Project object */ = {
			isa = PBXProject;
			attributes = {
				BuildIndependentTargetsInParallel = 1;
				LastSwiftUpdateCheck = 1500;
				LastUpgradeCheck = 1430;
				TargetAttributes = {
					74DA3A562A687E360081C5FB = {
						CreatedOnToolsVersion = 15.0;
						TestTargetID = 74E49ECB2A12C25700D1DCA6;
					};
					74E49ECB2A12C25700D1DCA6 = {
						CreatedOnToolsVersion = 14.3;
					};
				};
			};
			buildConfigurationList = 74E49EC72A12C25700D1DCA6 /* Build configuration list for PBXProject "SwiftfulThinkingAL" */;
			compatibilityVersion = "Xcode 14.0";
			developmentRegion = en;
			hasScannedForEncodings = 0;
			knownRegions = (
				en,
				Base,
			);
			mainGroup = 74E49EC32A12C25700D1DCA6;
			productRefGroup = 74E49ECD2A12C25700D1DCA6 /* Products */;
			projectDirPath = "";
			projectRoot = "";
			targets = (
				74E49ECB2A12C25700D1DCA6 /* SwiftfulThinkingAL */,
				74DA3A562A687E360081C5FB /* SwiftfulThinkingALTests */,
			);
		};
/* End PBXProject section */

/* Begin PBXResourcesBuildPhase section */
		74DA3A552A687E360081C5FB /* Resources */ = {
			isa = PBXResourcesBuildPhase;
			buildActionMask = 2147483647;
			files = (
			);
			runOnlyForDeploymentPostprocessing = 0;
		};
		74E49ECA2A12C25700D1DCA6 /* Resources */ = {
			isa = PBXResourcesBuildPhase;
			buildActionMask = 2147483647;
			files = (
				74E49ED72A12C25800D1DCA6 /* Preview Assets.xcassets in Resources */,
				74E49ED42A12C25800D1DCA6 /* Assets.xcassets in Resources */,
			);
			runOnlyForDeploymentPostprocessing = 0;
		};
/* End PBXResourcesBuildPhase section */

/* Begin PBXSourcesBuildPhase section */
		74DA3A532A687E360081C5FB /* Sources */ = {
			isa = PBXSourcesBuildPhase;
			buildActionMask = 2147483647;
			files = (
				74938F862A79C42700E7BE45 /* UnitTestingBootcampViewModel_Tests.swift in Sources */,
				74DA3A5A2A687E360081C5FB /* SwiftfulThinkingALTests.swift in Sources */,
			);
			runOnlyForDeploymentPostprocessing = 0;
		};
		74E49EC82A12C25700D1DCA6 /* Sources */ = {
			isa = PBXSourcesBuildPhase;
			buildActionMask = 2147483647;
			files = (
				74DA3A522A687D890081C5FB /* UnitTestingBootcampViewModel.swift in Sources */,
				741FE5A62A5DE2F000BDF266 /* ViewModifierBootcamp.swift in Sources */,
				74E49ED02A12C25700D1DCA6 /* SwiftfulThinkingALApp.swift in Sources */,
				74DA3A502A6877910081C5FB /* UnitTestingBootcampView.swift in Sources */,
			);
			runOnlyForDeploymentPostprocessing = 0;
		};
/* End PBXSourcesBuildPhase section */

/* Begin PBXTargetDependency section */
		74DA3A5C2A687E360081C5FB /* PBXTargetDependency */ = {
			isa = PBXTargetDependency;
			target = 74E49ECB2A12C25700D1DCA6 /* SwiftfulThinkingAL */;
			targetProxy = 74DA3A5B2A687E360081C5FB /* PBXContainerItemProxy */;
		};
/* End PBXTargetDependency section */

/* Begin XCBuildConfiguration section */
		74DA3A5E2A687E360081C5FB /* Debug */ = {
			isa = XCBuildConfiguration;
			buildSettings = {
				ASSETCATALOG_COMPILER_GENERATE_SWIFT_ASSET_SYMBOL_EXTENSIONS = YES;
				BUNDLE_LOADER = "$(TEST_HOST)";
				CODE_SIGN_STYLE = Automatic;
				CURRENT_PROJECT_VERSION = 1;
				DEVELOPMENT_TEAM = 4A45YWS7LC;
				ENABLE_USER_SCRIPT_SANDBOXING = YES;
				GCC_C_LANGUAGE_STANDARD = gnu17;
				GENERATE_INFOPLIST_FILE = YES;
				IPHONEOS_DEPLOYMENT_TARGET = 16.0;
				LOCALIZATION_PREFERS_STRING_CATALOGS = YES;
				MARKETING_VERSION = 1.0;
				PRODUCT_BUNDLE_IDENTIFIER = com.SwiftfulThinkingALTests;
				PRODUCT_NAME = "$(TARGET_NAME)";
				SWIFT_ACTIVE_COMPILATION_CONDITIONS = "DEBUG $(inherited)";
				SWIFT_EMIT_LOC_STRINGS = NO;
				SWIFT_VERSION = 5.0;
				TARGETED_DEVICE_FAMILY = "1,2";
				TEST_HOST = "$(BUILT_PRODUCTS_DIR)/SwiftfulThinkingAL.app/$(BUNDLE_EXECUTABLE_FOLDER_PATH)/SwiftfulThinkingAL";
			};
			name = Debug;
		};
		74DA3A5F2A687E360081C5FB /* Release */ = {
			isa = XCBuildConfiguration;
			buildSettings = {
				ASSETCATALOG_COMPILER_GENERATE_SWIFT_ASSET_SYMBOL_EXTENSIONS = YES;
				BUNDLE_LOADER = "$(TEST_HOST)";
				CODE_SIGN_STYLE = Automatic;
				CURRENT_PROJECT_VERSION = 1;
				DEVELOPMENT_TEAM = 4A45YWS7LC;
				ENABLE_USER_SCRIPT_SANDBOXING = YES;
				GCC_C_LANGUAGE_STANDARD = gnu17;
				GENERATE_INFOPLIST_FILE = YES;
				IPHONEOS_DEPLOYMENT_TARGET = 16.0;
				LOCALIZATION_PREFERS_STRING_CATALOGS = YES;
				MARKETING_VERSION = 1.0;
				PRODUCT_BUNDLE_IDENTIFIER = com.SwiftfulThinkingALTests;
				PRODUCT_NAME = "$(TARGET_NAME)";
				SWIFT_EMIT_LOC_STRINGS = NO;
				SWIFT_VERSION = 5.0;
				TARGETED_DEVICE_FAMILY = "1,2";
				TEST_HOST = "$(BUILT_PRODUCTS_DIR)/SwiftfulThinkingAL.app/$(BUNDLE_EXECUTABLE_FOLDER_PATH)/SwiftfulThinkingAL";
			};
			name = Release;
		};
		74E49ED82A12C25800D1DCA6 /* Debug */ = {
			isa = XCBuildConfiguration;
			buildSettings = {
				ALWAYS_SEARCH_USER_PATHS = NO;
				CLANG_ANALYZER_NONNULL = YES;
				CLANG_ANALYZER_NUMBER_OBJECT_CONVERSION = YES_AGGRESSIVE;
				CLANG_CXX_LANGUAGE_STANDARD = "gnu++20";
				CLANG_ENABLE_MODULES = YES;
				CLANG_ENABLE_OBJC_ARC = YES;
				CLANG_ENABLE_OBJC_WEAK = YES;
				CLANG_WARN_BLOCK_CAPTURE_AUTORELEASING = YES;
				CLANG_WARN_BOOL_CONVERSION = YES;
				CLANG_WARN_COMMA = YES;
				CLANG_WARN_CONSTANT_CONVERSION = YES;
				CLANG_WARN_DEPRECATED_OBJC_IMPLEMENTATIONS = YES;
				CLANG_WARN_DIRECT_OBJC_ISA_USAGE = YES_ERROR;
				CLANG_WARN_DOCUMENTATION_COMMENTS = YES;
				CLANG_WARN_EMPTY_BODY = YES;
				CLANG_WARN_ENUM_CONVERSION = YES;
				CLANG_WARN_INFINITE_RECURSION = YES;
				CLANG_WARN_INT_CONVERSION = YES;
				CLANG_WARN_NON_LITERAL_NULL_CONVERSION = YES;
				CLANG_WARN_OBJC_IMPLICIT_RETAIN_SELF = YES;
				CLANG_WARN_OBJC_LITERAL_CONVERSION = YES;
				CLANG_WARN_OBJC_ROOT_CLASS = YES_ERROR;
				CLANG_WARN_QUOTED_INCLUDE_IN_FRAMEWORK_HEADER = YES;
				CLANG_WARN_RANGE_LOOP_ANALYSIS = YES;
				CLANG_WARN_STRICT_PROTOTYPES = YES;
				CLANG_WARN_SUSPICIOUS_MOVE = YES;
				CLANG_WARN_UNGUARDED_AVAILABILITY = YES_AGGRESSIVE;
				CLANG_WARN_UNREACHABLE_CODE = YES;
				CLANG_WARN__DUPLICATE_METHOD_MATCH = YES;
				COPY_PHASE_STRIP = NO;
				DEBUG_INFORMATION_FORMAT = dwarf;
				ENABLE_STRICT_OBJC_MSGSEND = YES;
				ENABLE_TESTABILITY = YES;
				GCC_C_LANGUAGE_STANDARD = gnu11;
				GCC_DYNAMIC_NO_PIC = NO;
				GCC_NO_COMMON_BLOCKS = YES;
				GCC_OPTIMIZATION_LEVEL = 0;
				GCC_PREPROCESSOR_DEFINITIONS = (
					"DEBUG=1",
					"$(inherited)",
				);
				GCC_WARN_64_TO_32_BIT_CONVERSION = YES;
				GCC_WARN_ABOUT_RETURN_TYPE = YES_ERROR;
				GCC_WARN_UNDECLARED_SELECTOR = YES;
				GCC_WARN_UNINITIALIZED_AUTOS = YES_AGGRESSIVE;
				GCC_WARN_UNUSED_FUNCTION = YES;
				GCC_WARN_UNUSED_VARIABLE = YES;
				IPHONEOS_DEPLOYMENT_TARGET = 16.0;
				MTL_ENABLE_DEBUG_INFO = INCLUDE_SOURCE;
				MTL_FAST_MATH = YES;
				ONLY_ACTIVE_ARCH = YES;
				SDKROOT = iphoneos;
				SWIFT_ACTIVE_COMPILATION_CONDITIONS = DEBUG;
				SWIFT_OPTIMIZATION_LEVEL = "-Onone";
			};
			name = Debug;
		};
		74E49ED92A12C25800D1DCA6 /* Release */ = {
			isa = XCBuildConfiguration;
			buildSettings = {
				ALWAYS_SEARCH_USER_PATHS = NO;
				CLANG_ANALYZER_NONNULL = YES;
				CLANG_ANALYZER_NUMBER_OBJECT_CONVERSION = YES_AGGRESSIVE;
				CLANG_CXX_LANGUAGE_STANDARD = "gnu++20";
				CLANG_ENABLE_MODULES = YES;
				CLANG_ENABLE_OBJC_ARC = YES;
				CLANG_ENABLE_OBJC_WEAK = YES;
				CLANG_WARN_BLOCK_CAPTURE_AUTORELEASING = YES;
				CLANG_WARN_BOOL_CONVERSION = YES;
				CLANG_WARN_COMMA = YES;
				CLANG_WARN_CONSTANT_CONVERSION = YES;
				CLANG_WARN_DEPRECATED_OBJC_IMPLEMENTATIONS = YES;
				CLANG_WARN_DIRECT_OBJC_ISA_USAGE = YES_ERROR;
				CLANG_WARN_DOCUMENTATION_COMMENTS = YES;
				CLANG_WARN_EMPTY_BODY = YES;
				CLANG_WARN_ENUM_CONVERSION = YES;
				CLANG_WARN_INFINITE_RECURSION = YES;
				CLANG_WARN_INT_CONVERSION = YES;
				CLANG_WARN_NON_LITERAL_NULL_CONVERSION = YES;
				CLANG_WARN_OBJC_IMPLICIT_RETAIN_SELF = YES;
				CLANG_WARN_OBJC_LITERAL_CONVERSION = YES;
				CLANG_WARN_OBJC_ROOT_CLASS = YES_ERROR;
				CLANG_WARN_QUOTED_INCLUDE_IN_FRAMEWORK_HEADER = YES;
				CLANG_WARN_RANGE_LOOP_ANALYSIS = YES;
				CLANG_WARN_STRICT_PROTOTYPES = YES;
				CLANG_WARN_SUSPICIOUS_MOVE = YES;
				CLANG_WARN_UNGUARDED_AVAILABILITY = YES_AGGRESSIVE;
				CLANG_WARN_UNREACHABLE_CODE = YES;
				CLANG_WARN__DUPLICATE_METHOD_MATCH = YES;
				COPY_PHASE_STRIP = NO;
				DEBUG_INFORMATION_FORMAT = "dwarf-with-dsym";
				ENABLE_NS_ASSERTIONS = NO;
				ENABLE_STRICT_OBJC_MSGSEND = YES;
				GCC_C_LANGUAGE_STANDARD = gnu11;
				GCC_NO_COMMON_BLOCKS = YES;
				GCC_WARN_64_TO_32_BIT_CONVERSION = YES;
				GCC_WARN_ABOUT_RETURN_TYPE = YES_ERROR;
				GCC_WARN_UNDECLARED_SELECTOR = YES;
				GCC_WARN_UNINITIALIZED_AUTOS = YES_AGGRESSIVE;
				GCC_WARN_UNUSED_FUNCTION = YES;
				GCC_WARN_UNUSED_VARIABLE = YES;
				IPHONEOS_DEPLOYMENT_TARGET = 16.0;
				MTL_ENABLE_DEBUG_INFO = NO;
				MTL_FAST_MATH = YES;
				SDKROOT = iphoneos;
				SWIFT_COMPILATION_MODE = wholemodule;
				SWIFT_OPTIMIZATION_LEVEL = "-O";
				VALIDATE_PRODUCT = YES;
			};
			name = Release;
		};
		74E49EDB2A12C25800D1DCA6 /* Debug */ = {
			isa = XCBuildConfiguration;
			buildSettings = {
				ASSETCATALOG_COMPILER_APPICON_NAME = AppIcon;
				ASSETCATALOG_COMPILER_GLOBAL_ACCENT_COLOR_NAME = AccentColor;
				CODE_SIGN_STYLE = Automatic;
				CURRENT_PROJECT_VERSION = 1;
				DEVELOPMENT_ASSET_PATHS = "\"SwiftfulThinkingAL/Preview Content\"";
				DEVELOPMENT_TEAM = 4A45YWS7LC;
				ENABLE_PREVIEWS = YES;
				GENERATE_INFOPLIST_FILE = YES;
				INFOPLIST_KEY_UIApplicationSceneManifest_Generation = YES;
				INFOPLIST_KEY_UIApplicationSupportsIndirectInputEvents = YES;
				INFOPLIST_KEY_UILaunchScreen_Generation = YES;
				INFOPLIST_KEY_UISupportedInterfaceOrientations_iPad = "UIInterfaceOrientationPortrait UIInterfaceOrientationPortraitUpsideDown UIInterfaceOrientationLandscapeLeft UIInterfaceOrientationLandscapeRight";
				INFOPLIST_KEY_UISupportedInterfaceOrientations_iPhone = "UIInterfaceOrientationPortrait UIInterfaceOrientationLandscapeLeft UIInterfaceOrientationLandscapeRight";
				IPHONEOS_DEPLOYMENT_TARGET = 16.0;
				LD_RUNPATH_SEARCH_PATHS = (
					"$(inherited)",
					"@executable_path/Frameworks",
				);
				MARKETING_VERSION = 1.0;
				PRODUCT_BUNDLE_IDENTIFIER = com.SwiftfulThinkingAL;
				PRODUCT_NAME = "$(TARGET_NAME)";
				SWIFT_EMIT_LOC_STRINGS = YES;
				SWIFT_VERSION = 5.0;
				TARGETED_DEVICE_FAMILY = "1,2";
			};
			name = Debug;
		};
		74E49EDC2A12C25800D1DCA6 /* Release */ = {
			isa = XCBuildConfiguration;
			buildSettings = {
				ASSETCATALOG_COMPILER_APPICON_NAME = AppIcon;
				ASSETCATALOG_COMPILER_GLOBAL_ACCENT_COLOR_NAME = AccentColor;
				CODE_SIGN_STYLE = Automatic;
				CURRENT_PROJECT_VERSION = 1;
				DEVELOPMENT_ASSET_PATHS = "\"SwiftfulThinkingAL/Preview Content\"";
				DEVELOPMENT_TEAM = 4A45YWS7LC;
				ENABLE_PREVIEWS = YES;
				GENERATE_INFOPLIST_FILE = YES;
				INFOPLIST_KEY_UIApplicationSceneManifest_Generation = YES;
				INFOPLIST_KEY_UIApplicationSupportsIndirectInputEvents = YES;
				INFOPLIST_KEY_UILaunchScreen_Generation = YES;
				INFOPLIST_KEY_UISupportedInterfaceOrientations_iPad = "UIInterfaceOrientationPortrait UIInterfaceOrientationPortraitUpsideDown UIInterfaceOrientationLandscapeLeft UIInterfaceOrientationLandscapeRight";
				INFOPLIST_KEY_UISupportedInterfaceOrientations_iPhone = "UIInterfaceOrientationPortrait UIInterfaceOrientationLandscapeLeft UIInterfaceOrientationLandscapeRight";
				IPHONEOS_DEPLOYMENT_TARGET = 16.0;
				LD_RUNPATH_SEARCH_PATHS = (
					"$(inherited)",
					"@executable_path/Frameworks",
				);
				MARKETING_VERSION = 1.0;
				PRODUCT_BUNDLE_IDENTIFIER = com.SwiftfulThinkingAL;
				PRODUCT_NAME = "$(TARGET_NAME)";
				SWIFT_EMIT_LOC_STRINGS = YES;
				SWIFT_VERSION = 5.0;
				TARGETED_DEVICE_FAMILY = "1,2";
			};
			name = Release;
		};
/* End XCBuildConfiguration section */

/* Begin XCConfigurationList section */
		74DA3A5D2A687E360081C5FB /* Build configuration list for PBXNativeTarget "SwiftfulThinkingALTests" */ = {
			isa = XCConfigurationList;
			buildConfigurations = (
				74DA3A5E2A687E360081C5FB /* Debug */,
				74DA3A5F2A687E360081C5FB /* Release */,
			);
			defaultConfigurationIsVisible = 0;
			defaultConfigurationName = Release;
		};
		74E49EC72A12C25700D1DCA6 /* Build configuration list for PBXProject "SwiftfulThinkingAL" */ = {
			isa = XCConfigurationList;
			buildConfigurations = (
				74E49ED82A12C25800D1DCA6 /* Debug */,
				74E49ED92A12C25800D1DCA6 /* Release */,
			);
			defaultConfigurationIsVisible = 0;
			defaultConfigurationName = Release;
		};
		74E49EDA2A12C25800D1DCA6 /* Build configuration list for PBXNativeTarget "SwiftfulThinkingAL" */ = {
			isa = XCConfigurationList;
			buildConfigurations = (
				74E49EDB2A12C25800D1DCA6 /* Debug */,
				74E49EDC2A12C25800D1DCA6 /* Release */,
			);
			defaultConfigurationIsVisible = 0;
			defaultConfigurationName = Release;
		};
/* End XCConfigurationList section */
	};
	rootObject = 74E49EC42A12C25700D1DCA6 /* Project object */;
}
